
Microsoft Visual Studio Solution File, Format Version 12.00
# Visual Studio Version 17
VisualStudioVersion = 17.2.32616.157
MinimumVisualStudioVersion = 10.0.40219.1
Project("{FAE04EC0-301F-11D3-BF4B-00C04F79EFBC}") = "CSharp Lang Quiz", "CSharp Lang Quiz.csproj", "{1708E3EF-C5C0-4587-B65C-8A6D6D79DA20}"
EndProject
Global
	GlobalSection(SolutionConfigurationPlatforms) = preSolution
		Debug|Any CPU = Debug|Any CPU
		Release|Any CPU = Release|Any CPU
	EndGlobalSection
	GlobalSection(ProjectConfigurationPlatforms) = postSolution
		{1708E3EF-C5C0-4587-B65C-8A6D6D79DA20}.Debug|Any CPU.ActiveCfg = Debug|Any CPU
		{1708E3EF-C5C0-4587-B65C-8A6D6D79DA20}.Debug|Any CPU.Build.0 = Debug|Any CPU
		{1708E3EF-C5C0-4587-B65C-8A6D6D79DA20}.Release|Any CPU.ActiveCfg = Release|Any CPU
		{1708E3EF-C5C0-4587-B65C-8A6D6D79DA20}.Release|Any CPU.Build.0 = Release|Any CPU
	EndGlobalSection
	GlobalSection(SolutionProperties) = preSolution
		HideSolutionNode = FALSE
	EndGlobalSection
	GlobalSection(ExtensibilityGlobals) = postSolution
		SolutionGuid = {646B2766-5DCD-461B-B52F-E2C8C0589215}
	EndGlobalSection
EndGlobal
